<?xml version="1.0" encoding="utf-8"?>
<Project ToolsVersion="4.0" xmlns="http://schemas.microsoft.com/developer/msbuild/2003">
  <ItemGroup>
    <Filter Include="Source Files">
      <UniqueIdentifier>{4FC737F1-C7A5-4376-A066-2A32D752A2FF}</UniqueIdentifier>
      <Extensions>cpp;c;cc;cxx;c++;cppm;ixx;def;odl;idl;hpj;bat;asm;asmx</Extensions>
    </Filter>
    <Filter Include="Header Files">
      <UniqueIdentifier>{93995380-89BD-4b04-88EB-625FBE52EBFB}</UniqueIdentifier>
      <Extensions>h;hh;hpp;hxx;h++;hm;inl;inc;ipp;xsd</Extensions>
    </Filter>
    <Filter Include="Resource Files">
      <UniqueIdentifier>{67DA6AB6-F800-4c08-8B7A-83BB121AAD01}</UniqueIdentifier>
      <Extensions>rc;ico;cur;bmp;dlg;rc2;rct;bin;rgs;gif;jpg;jpeg;jpe;resx;tiff;tif;png;wav;mfcribbon-ms</Extensions>
    </Filter>
    <Filter Include="src">
      <UniqueIdentifier>{c845810f-da5e-465c-90e5-3246bda38d34}</UniqueIdentifier>
    </Filter>
    <Filter Include="src\db">
      <UniqueIdentifier>{b7060738-31b3-44a7-a460-18a811611198}</UniqueIdentifier>
    </Filter>
    <Filter Include="src\dal">
      <UniqueIdentifier>{4e7abeeb-83fe-47d0-a8f3-6cc0f73d6d29}</UniqueIdentifier>
    </Filter>
    <Filter Include="src\models">
      <UniqueIdentifier>{1759531b-0ce0-443a-81e3-68ca43d7e124}</UniqueIdentifier>
    </Filter>
  </ItemGroup>
  <ItemGroup>
    <ClCompile Include="BodySculptApp.cpp">
      <Filter>Source Files</Filter>
    </ClCompile>
    <ClCompile Include="UserDAL.cpp">
      <Filter>src\dal</Filter>
    </ClCompile>
    <ClCompile Include="MealDAL.cpp">
      <Filter>src\dal</Filter>
    </ClCompile>
    <ClCompile Include="MealItemDAL.cpp">
      <Filter>src\dal</Filter>
    </ClCompile>
    <ClCompile Include="WorkoutDAL.cpp">
      <Filter>src\dal</Filter>
    </ClCompile>
    <ClCompile Include="WorkoutEntryDAL.cpp">
      <Filter>src\dal</Filter>
    </ClCompile>
  </ItemGroup>
  <ItemGroup>
    <ClInclude Include="Db.h">
      <Filter>src\db</Filter>
    </ClInclude>
    <ClInclude Include="User.h">
      <Filter>src\models</Filter>
    </ClInclude>
    <ClInclude Include="UserDAL.h">
      <Filter>src\dal</Filter>
    </ClInclude>
    <ClInclude Include="Meal.h">
      <Filter>src\models</Filter>
    </ClInclude>
    <ClInclude Include="MealDAL.h">
      <Filter>src\dal</Filter>
    </ClInclude>
    <ClInclude Include="MealItem.h">
      <Filter>src\models</Filter>
    </ClInclude>
    <ClInclude Include="MealItemDAL.h">
      <Filter>src\dal</Filter>
    </ClInclude>
    <ClInclude Include="Workout.h">
      <Filter>src\models</Filter>
    </ClInclude>
    <ClInclude Include="WorkoutDAL.h">
      <Filter>src\dal</Filter>
    </ClInclude>
    <ClInclude Include="WorkoutEntry.h">
      <Filter>src\models</Filter>
    </ClInclude>
    <ClInclude Include="WorkoutEntryDAL.h">
      <Filter>src\dal</Filter>
    </ClInclude>
  </ItemGroup>
</Project>