<?xml version="1.0" encoding="utf-8"?>
<Project ToolsVersion="4.0" xmlns="http://schemas.microsoft.com/developer/msbuild/2003">
  <ItemGroup>
    <Filter Include="Source Files">
      <UniqueIdentifier>{4FC737F1-C7A5-4376-A066-2A32D752A2FF}</UniqueIdentifier>
      <Extensions>cpp;c;cc;cxx;c++;cppm;ixx;def;odl;idl;hpj;bat;asm;asmx</Extensions>
    </Filter>
    <Filter Include="Header Files">
      <UniqueIdentifier>{93995380-89BD-4b04-88EB-625FBE52EBFB}</UniqueIdentifier>
      <Extensions>h;hh;hpp;hxx;h++;hm;inl;inc;ipp;xsd</Extensions>
    </Filter>
    <Filter Include="Resource Files">
      <UniqueIdentifier>{67DA6AB6-F800-4c08-8B7A-83BB121AAD01}</UniqueIdentifier>
      <Extensions>rc;ico;cur;bmp;dlg;rc2;rct;bin;rgs;gif;jpg;jpeg;jpe;resx;tiff;tif;png;wav;mfcribbon-ms</Extensions>
    </Filter>
    <Filter Include="src">
      <UniqueIdentifier>{c845810f-da5e-465c-90e5-3246bda38d34}</UniqueIdentifier>
    </Filter>
    <Filter Include="src\db">
      <UniqueIdentifier>{b7060738-31b3-44a7-a460-18a811611198}</UniqueIdentifier>
    </Filter>
    <Filter Include="src\dal">
      <UniqueIdentifier>{4e7abeeb-83fe-47d0-a8f3-6cc0f73d6d29}</UniqueIdentifier>
    </Filter>
    <Filter Include="src\models">
      <UniqueIdentifier>{1759531b-0ce0-443a-81e3-68ca43d7e124}</UniqueIdentifier>
    </Filter>
    <Filter Include="src\business">
      <UniqueIdentifier>{3e39047a-c921-4e8d-9bce-b33671d78952}</UniqueIdentifier>
    </Filter>
    <Filter Include="src\services">
      <UniqueIdentifier>{4b5de745-f66b-4968-b6a4-3500ab1c0b01}</UniqueIdentifier>
    </Filter>
    <Filter Include="src\utils">
      <UniqueIdentifier>{7f78c78a-26fb-4126-ac28-f0a55f816f13}</UniqueIdentifier>
    </Filter>
    <Filter Include="src\client">
      <UniqueIdentifier>{a7a9db95-0620-46c7-8124-6e5afb81bf7a}</UniqueIdentifier>
    </Filter>
  </ItemGroup>
  <ItemGroup>
    <ClCompile Include="BodySculptApp.cpp">
      <Filter>Source Files</Filter>
    </ClCompile>
    <ClCompile Include="src\dal\MealDAL.cpp">
      <Filter>src\dal</Filter>
    </ClCompile>
    <ClCompile Include="src\dal\MealItemDAL.cpp">
      <Filter>src\dal</Filter>
    </ClCompile>
    <ClCompile Include="src\dal\UserDAL.cpp">
      <Filter>src\dal</Filter>
    </ClCompile>
    <ClCompile Include="src\dal\WorkoutDAL.cpp">
      <Filter>src\dal</Filter>
    </ClCompile>
    <ClCompile Include="src\dal\WorkoutEntryDAL.cpp">
      <Filter>src\dal</Filter>
    </ClCompile>
    <ClCompile Include="src\client\ApiClient.cpp">
      <Filter>src\client</Filter>
    </ClCompile>
    <ClCompile Include="src\client\ConsoleUI.cpp">
      <Filter>src\client</Filter>
    </ClCompile>
    <ClCompile Include="src\services\HttpServer.cpp">
      <Filter>src\services</Filter>
    </ClCompile>
    <ClCompile Include="src\utils\Logger.cpp">
      <Filter>src\utils</Filter>
    </ClCompile>
    <ClCompile Include="src\business\UserService.cpp">
      <Filter>src\business</Filter>
    </ClCompile>
    <ClCompile Include="src\business\MealService.cpp">
      <Filter>src\business</Filter>
    </ClCompile>
    <ClCompile Include="src\business\WorkoutService.cpp">
      <Filter>src\business</Filter>
    </ClCompile>
  </ItemGroup>
  <ItemGroup>
    <ClInclude Include="src\db\Db.h">
      <Filter>src\db</Filter>
    </ClInclude>
    <ClInclude Include="src\models\Meal.h">
      <Filter>src\models</Filter>
    </ClInclude>
    <ClInclude Include="src\models\MealItem.h">
      <Filter>src\models</Filter>
    </ClInclude>
    <ClInclude Include="src\models\User.h">
      <Filter>src\models</Filter>
    </ClInclude>
    <ClInclude Include="src\models\Workout.h">
      <Filter>src\models</Filter>
    </ClInclude>
    <ClInclude Include="src\models\WorkoutEntry.h">
      <Filter>src\models</Filter>
    </ClInclude>
    <ClInclude Include="src\dal\MealDAL.h">
      <Filter>src\dal</Filter>
    </ClInclude>
    <ClInclude Include="src\dal\MealItemDAL.h">
      <Filter>src\dal</Filter>
    </ClInclude>
    <ClInclude Include="src\dal\UserDAL.h">
      <Filter>src\dal</Filter>
    </ClInclude>
    <ClInclude Include="src\dal\WorkoutDAL.h">
      <Filter>src\dal</Filter>
    </ClInclude>
    <ClInclude Include="src\dal\WorkoutEntryDAL.h">
      <Filter>src\dal</Filter>
    </ClInclude>
    <ClInclude Include="src\business\UserService.h">
      <Filter>src\business</Filter>
    </ClInclude>
    <ClInclude Include="src\services\HttpServer.h">
      <Filter>src\services</Filter>
    </ClInclude>
    <ClInclude Include="src\services\httplib.h">
      <Filter>src\services</Filter>
    </ClInclude>
    <ClInclude Include="src\utils\Logger.h">
      <Filter>src\utils</Filter>
    </ClInclude>
    <ClInclude Include="src\client\ApiClient.h">
      <Filter>src\client</Filter>
    </ClInclude>
    <ClInclude Include="src\client\ConsoleUI.h">
      <Filter>src\client</Filter>
    </ClInclude>
    <ClInclude Include="src\business\MealService.h">
      <Filter>src\business</Filter>
    </ClInclude>
    <ClInclude Include="src\business\WorkoutService.h">
      <Filter>src\business</Filter>
    </ClInclude>
  </ItemGroup>
</Project>